
Microsoft Visual Studio Solution File, Format Version 12.00
# Visual Studio 15
VisualStudioVersion = 15.0.27703.2026
MinimumVisualStudioVersion = 10.0.40219.1
Project("{FAE04EC0-301F-11D3-BF4B-00C04F79EFBC}") = "aspnet-owin-oath", "aspnet-owin-oath\aspnet-owin-oath.csproj", "{3A5F02D1-CE32-46FE-AE60-E6ED29A64447}"
EndProject
Global
	GlobalSection(SolutionConfigurationPlatforms) = preSolution
		Debug|Any CPU = Debug|Any CPU
		Release|Any CPU = Release|Any CPU
	EndGlobalSection
	GlobalSection(ProjectConfigurationPlatforms) = postSolution
		{3A5F02D1-CE32-46FE-AE60-E6ED29A64447}.Debug|Any CPU.ActiveCfg = Debug|Any CPU
		{3A5F02D1-CE32-46FE-AE60-E6ED29A64447}.Debug|Any CPU.Build.0 = Debug|Any CPU
		{3A5F02D1-CE32-46FE-AE60-E6ED29A64447}.Release|Any CPU.ActiveCfg = Release|Any CPU
		{3A5F02D1-CE32-46FE-AE60-E6ED29A64447}.Release|Any CPU.Build.0 = Release|Any CPU
	EndGlobalSection
	GlobalSection(SolutionProperties) = preSolution
		HideSolutionNode = FALSE
	EndGlobalSection
	GlobalSection(ExtensibilityGlobals) = postSolution
		SolutionGuid = {2BDBBA2C-A9FA-4855-99EC-E67873371DE0}
	EndGlobalSection
EndGlobal
